
Microsoft Visual Studio Solution File, Format Version 12.00
# Visual Studio Version 16
VisualStudioVersion = 16.0.33423.256
MinimumVisualStudioVersion = 10.0.40219.1
Project("{FAE04EC0-301F-11D3-BF4B-00C04F79EFBC}") = "Criminal Information Black Door", "Criminal Information Black Door\Criminal Information Black Door.csproj", "{4A6A028C-E13D-42C6-9A36-A28D0FF705E7}"
EndProject
Global
	GlobalSection(SolutionConfigurationPlatforms) = preSolution
		Debug|Any CPU = Debug|Any CPU
		Release|Any CPU = Release|Any CPU
	EndGlobalSection
	GlobalSection(ProjectConfigurationPlatforms) = postSolution
		{4A6A028C-E13D-42C6-9A36-A28D0FF705E7}.Debug|Any CPU.ActiveCfg = Debug|Any CPU
		{4A6A028C-E13D-42C6-9A36-A28D0FF705E7}.Debug|Any CPU.Build.0 = Debug|Any CPU
		{4A6A028C-E13D-42C6-9A36-A28D0FF705E7}.Release|Any CPU.ActiveCfg = Release|Any CPU
		{4A6A028C-E13D-42C6-9A36-A28D0FF705E7}.Release|Any CPU.Build.0 = Release|Any CPU
	EndGlobalSection
	GlobalSection(SolutionProperties) = preSolution
		HideSolutionNode = FALSE
	EndGlobalSection
	GlobalSection(ExtensibilityGlobals) = postSolution
		SolutionGuid = {FD7FB9BB-FE8D-4314-A286-7A25CBE5436A}
	EndGlobalSection
EndGlobal
